
Microsoft Visual Studio Solution File, Format Version 12.00
# Visual Studio Version 17
VisualStudioVersion = 17.0.31903.59
MinimumVisualStudioVersion = 10.0.40219.1
Project("{2150E333-8FDC-42A3-9474-1A3956D46DE8}") = "src", "src", "{D321026C-0334-4EDA-A27C-0F03B4B4F08F}"
EndProject
Project("{2150E333-8FDC-42A3-9474-1A3956D46DE8}") = "BuildingBlocks", "BuildingBlocks", "{589A4357-C432-4812-8C9F-AB103B1AAA82}"
EndProject
Project("{FAE04EC0-301F-11D3-BF4B-00C04F79EFBC}") = "Common.Logging", "src\BuildingBlocks\Common.Logging\Common.Logging.csproj", "{4D9D2B9B-5FD1-474D-9837-FB43AF7F1AC3}"
EndProject
Project("{FAE04EC0-301F-11D3-BF4B-00C04F79EFBC}") = "Contracts", "src\BuildingBlocks\Contracts\Contracts.csproj", "{1883675D-F12C-4017-9550-617585AB74E2}"
EndProject
Project("{FAE04EC0-301F-11D3-BF4B-00C04F79EFBC}") = "Infrastructure", "src\BuildingBlocks\Infrastructure\Infrastructure.csproj", "{24A6C28B-00EE-4D10-B74F-05B7F4F55F90}"
EndProject
Project("{FAE04EC0-301F-11D3-BF4B-00C04F79EFBC}") = "Shared", "src\BuildingBlocks\Shared\Shared.csproj", "{CE78A326-0BCB-44DA-9BC5-A1EE0A2A247E}"
EndProject
Project("{FAE04EC0-301F-11D3-BF4B-00C04F79EFBC}") = "EventBus.Messages", "src\BuildingBlocks\EventBus.Messages\EventBus.Messages.csproj", "{7F02802C-1F29-4477-A80F-101AAB091EF1}"
EndProject
Project("{2150E333-8FDC-42A3-9474-1A3956D46DE8}") = "Services", "Services", "{FF099664-4F20-47CF-942F-9031A02C26DA}"
EndProject
Project("{2150E333-8FDC-42A3-9474-1A3956D46DE8}") = "Customer", "Customer", "{CF5DD474-35E1-4ABB-B4E4-C1EAF7F120D0}"
EndProject
Project("{FAE04EC0-301F-11D3-BF4B-00C04F79EFBC}") = "Customer.API", "src\Services\Customer\Customer.API\Customer.API.csproj", "{48B15F07-2979-45BF-BDE3-A254A3D8EA6C}"
EndProject
Project("{2150E333-8FDC-42A3-9474-1A3956D46DE8}") = "Basket", "Basket", "{3B4BE024-CA66-449F-AEB5-95827C9248F9}"
EndProject
Project("{FAE04EC0-301F-11D3-BF4B-00C04F79EFBC}") = "Basket.API", "src\Services\Basket\Basket.API\Basket.API.csproj", "{815E9E0F-2CDF-4FD6-B93B-2B39489662DC}"
EndProject
Project("{2150E333-8FDC-42A3-9474-1A3956D46DE8}") = "Product", "Product", "{0D2E7901-5D76-4FFC-969D-16DE6CC73DAA}"
EndProject
Project("{2150E333-8FDC-42A3-9474-1A3956D46DE8}") = "Ordering", "Ordering", "{D2E680E7-3296-4FE3-8F87-BEA80CAFD3A7}"
EndProject
Project("{FAE04EC0-301F-11D3-BF4B-00C04F79EFBC}") = "Ordering.API", "src\Services\Ordering\Ordering.API\Ordering.API.csproj", "{E5AC1A2B-8363-491E-8DDE-3B8CDFB66E46}"
EndProject
Project("{2150E333-8FDC-42A3-9474-1A3956D46DE8}") = "ScheduledJob", "ScheduledJob", "{0818CD3C-6359-4250-A035-59299E6248C1}"
EndProject
Project("{FAE04EC0-301F-11D3-BF4B-00C04F79EFBC}") = "Hangfire.API", "src\Services\ScheduledJob\Hangfire.API\Hangfire.API.csproj", "{3798FED9-D960-4805-8033-F85FED1C6A20}"
EndProject
Project("{2150E333-8FDC-42A3-9474-1A3956D46DE8}") = "Inventory", "Inventory", "{7DF1A6B6-9B47-4871-9C7A-91FD320C7748}"
EndProject
Project("{FAE04EC0-301F-11D3-BF4B-00C04F79EFBC}") = "Inventory.Product.API", "src\Services\Inventory\Inventory.Product.API\Inventory.Product.API.csproj", "{C6D349C2-A588-47E8-B34A-1598B984EB46}"
EndProject
Project("{2150E333-8FDC-42A3-9474-1A3956D46DE8}") = "ApiGateways", "ApiGateways", "{DE0AD6FA-A5B7-4FB1-B192-361B0B930816}"
EndProject
Project("{FAE04EC0-301F-11D3-BF4B-00C04F79EFBC}") = "OcelotApiGw", "src\ApiGateways\OcelotApiGw\OcelotApiGw.csproj", "{0AFD7E10-5618-4C02-8557-6C607CF0BF58}"
EndProject
Project("{2150E333-8FDC-42A3-9474-1A3956D46DE8}") = "WebApps", "WebApps", "{78F52424-C489-416F-AC44-ECE3805FA7A4}"
EndProject
Project("{FAE04EC0-301F-11D3-BF4B-00C04F79EFBC}") = "WebHealthStatus", "src\WebApps\WebHealthStatus\WebHealthStatus.csproj", "{8CA3B248-E926-4E0F-994C-62ABC23B659D}"
EndProject
Project("{2150E333-8FDC-42A3-9474-1A3956D46DE8}") = "markdown", "markdown", "{B5CD97E8-7AAB-497D-A7F4-295A5F52125C}"
	ProjectSection(SolutionItems) = preProject
		markdown\01.07.Solution_Architect.md = markdown\01.07.Solution_Architect.md
		markdown\01.08.Create_Infrastructure_and_docker_container.md = markdown\01.08.Create_Infrastructure_and_docker_container.md
		markdown\01.09.Logger_Service_Serilog.md = markdown\01.09.Logger_Service_Serilog.md
		markdown\01.10.Create-Entity-Dtos-Repository-Pattern-For-Product-Microservices.md = markdown\01.10.Create-Entity-Dtos-Repository-Pattern-For-Product-Microservices.md
		markdown\02.02.Implement-CRUD-Method-for-Product.API.md = markdown\02.02.Implement-CRUD-Method-for-Product.API.md
		markdown\02.03.Run-Product.API-Microservices-Development-Env.md = markdown\02.03.Run-Product.API-Microservices-Development-Env.md
		markdown\02.04.Containerize-Product.API-Microservices-With-Mysql.md = markdown\02.04.Containerize-Product.API-Microservices-With-Mysql.md
		markdown\README.md = markdown\README.md
		markdown\03.01.PostgreSQL-review.md = markdown\03.01.PostgreSQL-review.md
		markdown\PostgreSQL Architect.png = markdown\PostgreSQL Architect.png
		markdown\PostgreSQL login web.png = markdown\PostgreSQL login web.png
		markdown\03.02.Initial-Project-Web-API-And-Entity-Dtos-For-Customer.API-Microservices.md = markdown\03.02.Initial-Project-Web-API-And-Entity-Dtos-For-Customer.API-Microservices.md
		markdown\03.03.Build-Repository-Pattern-For-Customer.API-Microservices.md = markdown\03.03.Build-Repository-Pattern-For-Customer.API-Microservices.md
	EndProjectSection
EndProject
Project("{2150E333-8FDC-42A3-9474-1A3956D46DE8}") = "solution items", "solution items", "{F863052D-636C-4E92-B6BB-0420BA37E3DA}"
	ProjectSection(SolutionItems) = preProject
		Solution architect.png = Solution architect.png
		global.json = global.json
		docker-compose.yml = docker-compose.yml
		docker-compose.override.yml = docker-compose.override.yml
	EndProjectSection
EndProject
Project("{2150E333-8FDC-42A3-9474-1A3956D46DE8}") = "test", "test", "{486DB750-32A6-4028-B51B-1F891155043D}"
EndProject
Project("{2150E333-8FDC-42A3-9474-1A3956D46DE8}") = "postman", "postman", "{DEC1A20D-A8B1-4816-BDE8-E421C6FE86C2}"
	ProjectSection(SolutionItems) = preProject
		postman\Product.API.postman_collection.json = postman\Product.API.postman_collection.json
	EndProjectSection
EndProject
Project("{FAE04EC0-301F-11D3-BF4B-00C04F79EFBC}") = "Product.API", "src\Services\Product.API\Product.API.csproj", "{E5693329-CDB5-4247-ABAB-FC7D64D2F9D0}"
EndProject
Global
	GlobalSection(SolutionConfigurationPlatforms) = preSolution
		Debug|Any CPU = Debug|Any CPU
		Release|Any CPU = Release|Any CPU
	EndGlobalSection
	GlobalSection(SolutionProperties) = preSolution
		HideSolutionNode = FALSE
	EndGlobalSection
	GlobalSection(ProjectConfigurationPlatforms) = postSolution
		{4D9D2B9B-5FD1-474D-9837-FB43AF7F1AC3}.Debug|Any CPU.ActiveCfg = Debug|Any CPU
		{4D9D2B9B-5FD1-474D-9837-FB43AF7F1AC3}.Debug|Any CPU.Build.0 = Debug|Any CPU
		{4D9D2B9B-5FD1-474D-9837-FB43AF7F1AC3}.Release|Any CPU.ActiveCfg = Release|Any CPU
		{4D9D2B9B-5FD1-474D-9837-FB43AF7F1AC3}.Release|Any CPU.Build.0 = Release|Any CPU
		{1883675D-F12C-4017-9550-617585AB74E2}.Debug|Any CPU.ActiveCfg = Debug|Any CPU
		{1883675D-F12C-4017-9550-617585AB74E2}.Debug|Any CPU.Build.0 = Debug|Any CPU
		{1883675D-F12C-4017-9550-617585AB74E2}.Release|Any CPU.ActiveCfg = Release|Any CPU
		{1883675D-F12C-4017-9550-617585AB74E2}.Release|Any CPU.Build.0 = Release|Any CPU
		{24A6C28B-00EE-4D10-B74F-05B7F4F55F90}.Debug|Any CPU.ActiveCfg = Debug|Any CPU
		{24A6C28B-00EE-4D10-B74F-05B7F4F55F90}.Debug|Any CPU.Build.0 = Debug|Any CPU
		{24A6C28B-00EE-4D10-B74F-05B7F4F55F90}.Release|Any CPU.ActiveCfg = Release|Any CPU
		{24A6C28B-00EE-4D10-B74F-05B7F4F55F90}.Release|Any CPU.Build.0 = Release|Any CPU
		{CE78A326-0BCB-44DA-9BC5-A1EE0A2A247E}.Debug|Any CPU.ActiveCfg = Debug|Any CPU
		{CE78A326-0BCB-44DA-9BC5-A1EE0A2A247E}.Debug|Any CPU.Build.0 = Debug|Any CPU
		{CE78A326-0BCB-44DA-9BC5-A1EE0A2A247E}.Release|Any CPU.ActiveCfg = Release|Any CPU
		{CE78A326-0BCB-44DA-9BC5-A1EE0A2A247E}.Release|Any CPU.Build.0 = Release|Any CPU
		{7F02802C-1F29-4477-A80F-101AAB091EF1}.Debug|Any CPU.ActiveCfg = Debug|Any CPU
		{7F02802C-1F29-4477-A80F-101AAB091EF1}.Debug|Any CPU.Build.0 = Debug|Any CPU
		{7F02802C-1F29-4477-A80F-101AAB091EF1}.Release|Any CPU.ActiveCfg = Release|Any CPU
		{7F02802C-1F29-4477-A80F-101AAB091EF1}.Release|Any CPU.Build.0 = Release|Any CPU
		{48B15F07-2979-45BF-BDE3-A254A3D8EA6C}.Debug|Any CPU.ActiveCfg = Debug|Any CPU
		{48B15F07-2979-45BF-BDE3-A254A3D8EA6C}.Debug|Any CPU.Build.0 = Debug|Any CPU
		{48B15F07-2979-45BF-BDE3-A254A3D8EA6C}.Release|Any CPU.ActiveCfg = Release|Any CPU
		{48B15F07-2979-45BF-BDE3-A254A3D8EA6C}.Release|Any CPU.Build.0 = Release|Any CPU
		{815E9E0F-2CDF-4FD6-B93B-2B39489662DC}.Debug|Any CPU.ActiveCfg = Debug|Any CPU
		{815E9E0F-2CDF-4FD6-B93B-2B39489662DC}.Debug|Any CPU.Build.0 = Debug|Any CPU
		{815E9E0F-2CDF-4FD6-B93B-2B39489662DC}.Release|Any CPU.ActiveCfg = Release|Any CPU
		{815E9E0F-2CDF-4FD6-B93B-2B39489662DC}.Release|Any CPU.Build.0 = Release|Any CPU
		{E5AC1A2B-8363-491E-8DDE-3B8CDFB66E46}.Debug|Any CPU.ActiveCfg = Debug|Any CPU
		{E5AC1A2B-8363-491E-8DDE-3B8CDFB66E46}.Debug|Any CPU.Build.0 = Debug|Any CPU
		{E5AC1A2B-8363-491E-8DDE-3B8CDFB66E46}.Release|Any CPU.ActiveCfg = Release|Any CPU
		{E5AC1A2B-8363-491E-8DDE-3B8CDFB66E46}.Release|Any CPU.Build.0 = Release|Any CPU
		{3798FED9-D960-4805-8033-F85FED1C6A20}.Debug|Any CPU.ActiveCfg = Debug|Any CPU
		{3798FED9-D960-4805-8033-F85FED1C6A20}.Debug|Any CPU.Build.0 = Debug|Any CPU
		{3798FED9-D960-4805-8033-F85FED1C6A20}.Release|Any CPU.ActiveCfg = Release|Any CPU
		{3798FED9-D960-4805-8033-F85FED1C6A20}.Release|Any CPU.Build.0 = Release|Any CPU
		{C6D349C2-A588-47E8-B34A-1598B984EB46}.Debug|Any CPU.ActiveCfg = Debug|Any CPU
		{C6D349C2-A588-47E8-B34A-1598B984EB46}.Debug|Any CPU.Build.0 = Debug|Any CPU
		{C6D349C2-A588-47E8-B34A-1598B984EB46}.Release|Any CPU.ActiveCfg = Release|Any CPU
		{C6D349C2-A588-47E8-B34A-1598B984EB46}.Release|Any CPU.Build.0 = Release|Any CPU
		{0AFD7E10-5618-4C02-8557-6C607CF0BF58}.Debug|Any CPU.ActiveCfg = Debug|Any CPU
		{0AFD7E10-5618-4C02-8557-6C607CF0BF58}.Debug|Any CPU.Build.0 = Debug|Any CPU
		{0AFD7E10-5618-4C02-8557-6C607CF0BF58}.Release|Any CPU.ActiveCfg = Release|Any CPU
		{0AFD7E10-5618-4C02-8557-6C607CF0BF58}.Release|Any CPU.Build.0 = Release|Any CPU
		{8CA3B248-E926-4E0F-994C-62ABC23B659D}.Debug|Any CPU.ActiveCfg = Debug|Any CPU
		{8CA3B248-E926-4E0F-994C-62ABC23B659D}.Debug|Any CPU.Build.0 = Debug|Any CPU
		{8CA3B248-E926-4E0F-994C-62ABC23B659D}.Release|Any CPU.ActiveCfg = Release|Any CPU
		{8CA3B248-E926-4E0F-994C-62ABC23B659D}.Release|Any CPU.Build.0 = Release|Any CPU
		{E5693329-CDB5-4247-ABAB-FC7D64D2F9D0}.Debug|Any CPU.ActiveCfg = Debug|Any CPU
		{E5693329-CDB5-4247-ABAB-FC7D64D2F9D0}.Debug|Any CPU.Build.0 = Debug|Any CPU
		{E5693329-CDB5-4247-ABAB-FC7D64D2F9D0}.Release|Any CPU.ActiveCfg = Release|Any CPU
		{E5693329-CDB5-4247-ABAB-FC7D64D2F9D0}.Release|Any CPU.Build.0 = Release|Any CPU
	EndGlobalSection
	GlobalSection(NestedProjects) = preSolution
		{589A4357-C432-4812-8C9F-AB103B1AAA82} = {D321026C-0334-4EDA-A27C-0F03B4B4F08F}
		{4D9D2B9B-5FD1-474D-9837-FB43AF7F1AC3} = {589A4357-C432-4812-8C9F-AB103B1AAA82}
		{1883675D-F12C-4017-9550-617585AB74E2} = {589A4357-C432-4812-8C9F-AB103B1AAA82}
		{24A6C28B-00EE-4D10-B74F-05B7F4F55F90} = {589A4357-C432-4812-8C9F-AB103B1AAA82}
		{CE78A326-0BCB-44DA-9BC5-A1EE0A2A247E} = {589A4357-C432-4812-8C9F-AB103B1AAA82}
		{7F02802C-1F29-4477-A80F-101AAB091EF1} = {589A4357-C432-4812-8C9F-AB103B1AAA82}
		{FF099664-4F20-47CF-942F-9031A02C26DA} = {D321026C-0334-4EDA-A27C-0F03B4B4F08F}
		{CF5DD474-35E1-4ABB-B4E4-C1EAF7F120D0} = {FF099664-4F20-47CF-942F-9031A02C26DA}
		{48B15F07-2979-45BF-BDE3-A254A3D8EA6C} = {CF5DD474-35E1-4ABB-B4E4-C1EAF7F120D0}
		{3B4BE024-CA66-449F-AEB5-95827C9248F9} = {FF099664-4F20-47CF-942F-9031A02C26DA}
		{815E9E0F-2CDF-4FD6-B93B-2B39489662DC} = {3B4BE024-CA66-449F-AEB5-95827C9248F9}
		{0D2E7901-5D76-4FFC-969D-16DE6CC73DAA} = {FF099664-4F20-47CF-942F-9031A02C26DA}
		{D2E680E7-3296-4FE3-8F87-BEA80CAFD3A7} = {FF099664-4F20-47CF-942F-9031A02C26DA}
		{E5AC1A2B-8363-491E-8DDE-3B8CDFB66E46} = {D2E680E7-3296-4FE3-8F87-BEA80CAFD3A7}
		{0818CD3C-6359-4250-A035-59299E6248C1} = {FF099664-4F20-47CF-942F-9031A02C26DA}
		{3798FED9-D960-4805-8033-F85FED1C6A20} = {0818CD3C-6359-4250-A035-59299E6248C1}
		{7DF1A6B6-9B47-4871-9C7A-91FD320C7748} = {FF099664-4F20-47CF-942F-9031A02C26DA}
		{C6D349C2-A588-47E8-B34A-1598B984EB46} = {7DF1A6B6-9B47-4871-9C7A-91FD320C7748}
		{DE0AD6FA-A5B7-4FB1-B192-361B0B930816} = {D321026C-0334-4EDA-A27C-0F03B4B4F08F}
		{0AFD7E10-5618-4C02-8557-6C607CF0BF58} = {DE0AD6FA-A5B7-4FB1-B192-361B0B930816}
		{78F52424-C489-416F-AC44-ECE3805FA7A4} = {D321026C-0334-4EDA-A27C-0F03B4B4F08F}
		{8CA3B248-E926-4E0F-994C-62ABC23B659D} = {78F52424-C489-416F-AC44-ECE3805FA7A4}
		{E5693329-CDB5-4247-ABAB-FC7D64D2F9D0} = {0D2E7901-5D76-4FFC-969D-16DE6CC73DAA}
	EndGlobalSection
EndGlobal
